// !$*UTF8*$!
{
	archiveVersion = 1;
	classes = {
	};
	objectVersion = 55;
	objects = {

/* Begin PBXBuildFile section */
		956D7C8627DEB3F1007DBE4E /* Moonshot_100SUI_8App.swift in Sources */ = {isa = PBXBuildFile; fileRef = 956D7C8527DEB3F1007DBE4E /* Moonshot_100SUI_8App.swift */; };
		956D7C8827DEB3F1007DBE4E /* ContentView.swift in Sources */ = {isa = PBXBuildFile; fileRef = 956D7C8727DEB3F1007DBE4E /* ContentView.swift */; };
		956D7C8A27DEB3F3007DBE4E /* Assets.xcassets in Resources */ = {isa = PBXBuildFile; fileRef = 956D7C8927DEB3F3007DBE4E /* Assets.xcassets */; };
		956D7C8D27DEB3F3007DBE4E /* Preview Assets.xcassets in Resources */ = {isa = PBXBuildFile; fileRef = 956D7C8C27DEB3F3007DBE4E /* Preview Assets.xcassets */; };
		956D7C9427DEB3FF007DBE4E /* Astronaut.swift in Sources */ = {isa = PBXBuildFile; fileRef = 956D7C9327DEB3FF007DBE4E /* Astronaut.swift */; };
		956D7C9627DEB436007DBE4E /* astronauts.json in Resources */ = {isa = PBXBuildFile; fileRef = 956D7C9527DEB436007DBE4E /* astronauts.json */; };
		956D7C9827DEB59B007DBE4E /* Bundle+Ext.swift in Sources */ = {isa = PBXBuildFile; fileRef = 956D7C9727DEB59B007DBE4E /* Bundle+Ext.swift */; };
		956D7C9A27DEB94D007DBE4E /* missions.json in Resources */ = {isa = PBXBuildFile; fileRef = 956D7C9927DEB94D007DBE4E /* missions.json */; };
		956D7C9F27DEBB93007DBE4E /* Mission.swift in Sources */ = {isa = PBXBuildFile; fileRef = 956D7C9E27DEBB93007DBE4E /* Mission.swift */; };
		956D7CA127DEC24F007DBE4E /* ShapeStyle+Ext.swift in Sources */ = {isa = PBXBuildFile; fileRef = 956D7CA027DEC24F007DBE4E /* ShapeStyle+Ext.swift */; };
		956D7CA327DEC4A1007DBE4E /* MissionView.swift in Sources */ = {isa = PBXBuildFile; fileRef = 956D7CA227DEC4A1007DBE4E /* MissionView.swift */; };
		956D7CA527E0E011007DBE4E /* AstronautView.swift in Sources */ = {isa = PBXBuildFile; fileRef = 956D7CA427E0E011007DBE4E /* AstronautView.swift */; };
/* End PBXBuildFile section */

/* Begin PBXFileReference section */
		956D7C8227DEB3F1007DBE4E /* Moonshot-100SUI-8.app */ = {isa = PBXFileReference; explicitFileType = wrapper.application; includeInIndex = 0; path = "Moonshot-100SUI-8.app"; sourceTree = BUILT_PRODUCTS_DIR; };
		956D7C8527DEB3F1007DBE4E /* Moonshot_100SUI_8App.swift */ = {isa = PBXFileReference; lastKnownFileType = sourcecode.swift; path = Moonshot_100SUI_8App.swift; sourceTree = "<group>"; };
		956D7C8727DEB3F1007DBE4E /* ContentView.swift */ = {isa = PBXFileReference; lastKnownFileType = sourcecode.swift; path = ContentView.swift; sourceTree = "<group>"; };
		956D7C8927DEB3F3007DBE4E /* Assets.xcassets */ = {isa = PBXFileReference; lastKnownFileType = folder.assetcatalog; path = Assets.xcassets; sourceTree = "<group>"; };
		956D7C8C27DEB3F3007DBE4E /* Preview Assets.xcassets */ = {isa = PBXFileReference; lastKnownFileType = folder.assetcatalog; path = "Preview Assets.xcassets"; sourceTree = "<group>"; };
		956D7C9327DEB3FF007DBE4E /* Astronaut.swift */ = {isa = PBXFileReference; lastKnownFileType = sourcecode.swift; path = Astronaut.swift; sourceTree = "<group>"; };
		956D7C9527DEB436007DBE4E /* astronauts.json */ = {isa = PBXFileReference; fileEncoding = 4; lastKnownFileType = text.json; path = astronauts.json; sourceTree = "<group>"; };
		956D7C9727DEB59B007DBE4E /* Bundle+Ext.swift */ = {isa = PBXFileReference; lastKnownFileType = sourcecode.swift; path = "Bundle+Ext.swift"; sourceTree = "<group>"; };
		956D7C9927DEB94D007DBE4E /* missions.json */ = {isa = PBXFileReference; fileEncoding = 4; lastKnownFileType = text.json; path = missions.json; sourceTree = "<group>"; };
		956D7C9E27DEBB93007DBE4E /* Mission.swift */ = {isa = PBXFileReference; lastKnownFileType = sourcecode.swift; path = Mission.swift; sourceTree = "<group>"; };
		956D7CA027DEC24F007DBE4E /* ShapeStyle+Ext.swift */ = {isa = PBXFileReference; lastKnownFileType = sourcecode.swift; path = "ShapeStyle+Ext.swift"; sourceTree = "<group>"; };
		956D7CA227DEC4A1007DBE4E /* MissionView.swift */ = {isa = PBXFileReference; lastKnownFileType = sourcecode.swift; path = MissionView.swift; sourceTree = "<group>"; };
		956D7CA427E0E011007DBE4E /* AstronautView.swift */ = {isa = PBXFileReference; lastKnownFileType = sourcecode.swift; path = AstronautView.swift; sourceTree = "<group>"; };
/* End PBXFileReference section */

/* Begin PBXFrameworksBuildPhase section */
		956D7C7F27DEB3F1007DBE4E /* Frameworks */ = {
			isa = PBXFrameworksBuildPhase;
			buildActionMask = 2147483647;
			files = (
			);
			runOnlyForDeploymentPostprocessing = 0;
		};
/* End PBXFrameworksBuildPhase section */

/* Begin PBXGroup section */
		956D7C7927DEB3F1007DBE4E = {
			isa = PBXGroup;
			children = (
				956D7C8427DEB3F1007DBE4E /* Moonshot-100SUI-8 */,
				956D7C8327DEB3F1007DBE4E /* Products */,
			);
			sourceTree = "<group>";
		};
		956D7C8327DEB3F1007DBE4E /* Products */ = {
			isa = PBXGroup;
			children = (
				956D7C8227DEB3F1007DBE4E /* Moonshot-100SUI-8.app */,
			);
			name = Products;
			sourceTree = "<group>";
		};
		956D7C8427DEB3F1007DBE4E /* Moonshot-100SUI-8 */ = {
			isa = PBXGroup;
			children = (
				956D7C9B27DEBB3F007DBE4E /* Models */,
				956D7C8527DEB3F1007DBE4E /* Moonshot_100SUI_8App.swift */,
				956D7C8727DEB3F1007DBE4E /* ContentView.swift */,
				956D7CA227DEC4A1007DBE4E /* MissionView.swift */,
				956D7CA427E0E011007DBE4E /* AstronautView.swift */,
				956D7C8927DEB3F3007DBE4E /* Assets.xcassets */,
				956D7C8B27DEB3F3007DBE4E /* Preview Content */,
				956D7C9527DEB436007DBE4E /* astronauts.json */,
				956D7C9927DEB94D007DBE4E /* missions.json */,
				956D7C9727DEB59B007DBE4E /* Bundle+Ext.swift */,
				956D7CA027DEC24F007DBE4E /* ShapeStyle+Ext.swift */,
			);
			path = "Moonshot-100SUI-8";
			sourceTree = "<group>";
		};
		956D7C8B27DEB3F3007DBE4E /* Preview Content */ = {
			isa = PBXGroup;
			children = (
				956D7C8C27DEB3F3007DBE4E /* Preview Assets.xcassets */,
			);
			path = "Preview Content";
			sourceTree = "<group>";
		};
		956D7C9B27DEBB3F007DBE4E /* Models */ = {
			isa = PBXGroup;
			children = (
				956D7C9327DEB3FF007DBE4E /* Astronaut.swift */,
				956D7C9E27DEBB93007DBE4E /* Mission.swift */,
			);
			path = Models;
			sourceTree = "<group>";
		};
/* End PBXGroup section */

/* Begin PBXNativeTarget section */
		956D7C8127DEB3F1007DBE4E /* Moonshot-100SUI-8 */ = {
			isa = PBXNativeTarget;
			buildConfigurationList = 956D7C9027DEB3F3007DBE4E /* Build configuration list for PBXNativeTarget "Moonshot-100SUI-8" */;
			buildPhases = (
				956D7C7E27DEB3F1007DBE4E /* Sources */,
				956D7C7F27DEB3F1007DBE4E /* Frameworks */,
				956D7C8027DEB3F1007DBE4E /* Resources */,
			);
			buildRules = (
			);
			dependencies = (
			);
			name = "Moonshot-100SUI-8";
			productName = "Moonshot-100SUI-8";
			productReference = 956D7C8227DEB3F1007DBE4E /* Moonshot-100SUI-8.app */;
			productType = "com.apple.product-type.application";
		};
/* End PBXNativeTarget section */

/* Begin PBXProject section */
		956D7C7A27DEB3F1007DBE4E /* Project object */ = {
			isa = PBXProject;
			attributes = {
				BuildIndependentTargetsInParallel = 1;
				LastSwiftUpdateCheck = 1320;
				LastUpgradeCheck = 1320;
				TargetAttributes = {
					956D7C8127DEB3F1007DBE4E = {
						CreatedOnToolsVersion = 13.2.1;
					};
				};
			};
			buildConfigurationList = 956D7C7D27DEB3F1007DBE4E /* Build configuration list for PBXProject "Moonshot-100SUI-8" */;
			compatibilityVersion = "Xcode 13.0";
			developmentRegion = en;
			hasScannedForEncodings = 0;
			knownRegions = (
				en,
				Base,
			);
			mainGroup = 956D7C7927DEB3F1007DBE4E;
			productRefGroup = 956D7C8327DEB3F1007DBE4E /* Products */;
			projectDirPath = "";
			projectRoot = "";
			targets = (
				956D7C8127DEB3F1007DBE4E /* Moonshot-100SUI-8 */,
			);
		};
/* End PBXProject section */

/* Begin PBXResourcesBuildPhase section */
		956D7C8027DEB3F1007DBE4E /* Resources */ = {
			isa = PBXResourcesBuildPhase;
			buildActionMask = 2147483647;
			files = (
				956D7C9627DEB436007DBE4E /* astronauts.json in Resources */,
				956D7C8D27DEB3F3007DBE4E /* Preview Assets.xcassets in Resources */,
				956D7C9A27DEB94D007DBE4E /* missions.json in Resources */,
				956D7C8A27DEB3F3007DBE4E /* Assets.xcassets in Resources */,
			);
			runOnlyForDeploymentPostprocessing = 0;
		};
/* End PBXResourcesBuildPhase section */

/* Begin PBXSourcesBuildPhase section */
		956D7C7E27DEB3F1007DBE4E /* Sources */ = {
			isa = PBXSourcesBuildPhase;
			buildActionMask = 2147483647;
			files = (
				956D7CA327DEC4A1007DBE4E /* MissionView.swift in Sources */,
				956D7C9F27DEBB93007DBE4E /* Mission.swift in Sources */,
				956D7CA527E0E011007DBE4E /* AstronautView.swift in Sources */,
				956D7C9427DEB3FF007DBE4E /* Astronaut.swift in Sources */,
				956D7C9827DEB59B007DBE4E /* Bundle+Ext.swift in Sources */,
				956D7CA127DEC24F007DBE4E /* ShapeStyle+Ext.swift in Sources */,
				956D7C8827DEB3F1007DBE4E /* ContentView.swift in Sources */,
				956D7C8627DEB3F1007DBE4E /* Moonshot_100SUI_8App.swift in Sources */,
			);
			runOnlyForDeploymentPostprocessing = 0;
		};
/* End PBXSourcesBuildPhase section */

/* Begin XCBuildConfiguration section */
		956D7C8E27DEB3F3007DBE4E /* Debug */ = {
			isa = XCBuildConfiguration;
			buildSettings = {
				ALWAYS_SEARCH_USER_PATHS = NO;
				CLANG_ANALYZER_NONNULL = YES;
				CLANG_ANALYZER_NUMBER_OBJECT_CONVERSION = YES_AGGRESSIVE;
				CLANG_CXX_LANGUAGE_STANDARD = "gnu++17";
				CLANG_CXX_LIBRARY = "libc++";
				CLANG_ENABLE_MODULES = YES;
				CLANG_ENABLE_OBJC_ARC = YES;
				CLANG_ENABLE_OBJC_WEAK = YES;
				CLANG_WARN_BLOCK_CAPTURE_AUTORELEASING = YES;
				CLANG_WARN_BOOL_CONVERSION = YES;
				CLANG_WARN_COMMA = YES;
				CLANG_WARN_CONSTANT_CONVERSION = YES;
				CLANG_WARN_DEPRECATED_OBJC_IMPLEMENTATIONS = YES;
				CLANG_WARN_DIRECT_OBJC_ISA_USAGE = YES_ERROR;
				CLANG_WARN_DOCUMENTATION_COMMENTS = YES;
				CLANG_WARN_EMPTY_BODY = YES;
				CLANG_WARN_ENUM_CONVERSION = YES;
				CLANG_WARN_INFINITE_RECURSION = YES;
				CLANG_WARN_INT_CONVERSION = YES;
				CLANG_WARN_NON_LITERAL_NULL_CONVERSION = YES;
				CLANG_WARN_OBJC_IMPLICIT_RETAIN_SELF = YES;
				CLANG_WARN_OBJC_LITERAL_CONVERSION = YES;
				CLANG_WARN_OBJC_ROOT_CLASS = YES_ERROR;
				CLANG_WARN_QUOTED_INCLUDE_IN_FRAMEWORK_HEADER = YES;
				CLANG_WARN_RANGE_LOOP_ANALYSIS = YES;
				CLANG_WARN_STRICT_PROTOTYPES = YES;
				CLANG_WARN_SUSPICIOUS_MOVE = YES;
				CLANG_WARN_UNGUARDED_AVAILABILITY = YES_AGGRESSIVE;
				CLANG_WARN_UNREACHABLE_CODE = YES;
				CLANG_WARN__DUPLICATE_METHOD_MATCH = YES;
				COPY_PHASE_STRIP = NO;
				DEBUG_INFORMATION_FORMAT = dwarf;
				ENABLE_STRICT_OBJC_MSGSEND = YES;
				ENABLE_TESTABILITY = YES;
				GCC_C_LANGUAGE_STANDARD = gnu11;
				GCC_DYNAMIC_NO_PIC = NO;
				GCC_NO_COMMON_BLOCKS = YES;
				GCC_OPTIMIZATION_LEVEL = 0;
				GCC_PREPROCESSOR_DEFINITIONS = (
					"DEBUG=1",
					"$(inherited)",
				);
				GCC_WARN_64_TO_32_BIT_CONVERSION = YES;
				GCC_WARN_ABOUT_RETURN_TYPE = YES_ERROR;
				GCC_WARN_UNDECLARED_SELECTOR = YES;
				GCC_WARN_UNINITIALIZED_AUTOS = YES_AGGRESSIVE;
				GCC_WARN_UNUSED_FUNCTION = YES;
				GCC_WARN_UNUSED_VARIABLE = YES;
				IPHONEOS_DEPLOYMENT_TARGET = 15.2;
				MTL_ENABLE_DEBUG_INFO = INCLUDE_SOURCE;
				MTL_FAST_MATH = YES;
				ONLY_ACTIVE_ARCH = YES;
				SDKROOT = iphoneos;
				SWIFT_ACTIVE_COMPILATION_CONDITIONS = DEBUG;
				SWIFT_OPTIMIZATION_LEVEL = "-Onone";
			};
			name = Debug;
		};
		956D7C8F27DEB3F3007DBE4E /* Release */ = {
			isa = XCBuildConfiguration;
			buildSettings = {
				ALWAYS_SEARCH_USER_PATHS = NO;
				CLANG_ANALYZER_NONNULL = YES;
				CLANG_ANALYZER_NUMBER_OBJECT_CONVERSION = YES_AGGRESSIVE;
				CLANG_CXX_LANGUAGE_STANDARD = "gnu++17";
				CLANG_CXX_LIBRARY = "libc++";
				CLANG_ENABLE_MODULES = YES;
				CLANG_ENABLE_OBJC_ARC = YES;
				CLANG_ENABLE_OBJC_WEAK = YES;
				CLANG_WARN_BLOCK_CAPTURE_AUTORELEASING = YES;
				CLANG_WARN_BOOL_CONVERSION = YES;
				CLANG_WARN_COMMA = YES;
				CLANG_WARN_CONSTANT_CONVERSION = YES;
				CLANG_WARN_DEPRECATED_OBJC_IMPLEMENTATIONS = YES;
				CLANG_WARN_DIRECT_OBJC_ISA_USAGE = YES_ERROR;
				CLANG_WARN_DOCUMENTATION_COMMENTS = YES;
				CLANG_WARN_EMPTY_BODY = YES;
				CLANG_WARN_ENUM_CONVERSION = YES;
				CLANG_WARN_INFINITE_RECURSION = YES;
				CLANG_WARN_INT_CONVERSION = YES;
				CLANG_WARN_NON_LITERAL_NULL_CONVERSION = YES;
				CLANG_WARN_OBJC_IMPLICIT_RETAIN_SELF = YES;
				CLANG_WARN_OBJC_LITERAL_CONVERSION = YES;
				CLANG_WARN_OBJC_ROOT_CLASS = YES_ERROR;
				CLANG_WARN_QUOTED_INCLUDE_IN_FRAMEWORK_HEADER = YES;
				CLANG_WARN_RANGE_LOOP_ANALYSIS = YES;
				CLANG_WARN_STRICT_PROTOTYPES = YES;
				CLANG_WARN_SUSPICIOUS_MOVE = YES;
				CLANG_WARN_UNGUARDED_AVAILABILITY = YES_AGGRESSIVE;
				CLANG_WARN_UNREACHABLE_CODE = YES;
				CLANG_WARN__DUPLICATE_METHOD_MATCH = YES;
				COPY_PHASE_STRIP = NO;
				DEBUG_INFORMATION_FORMAT = "dwarf-with-dsym";
				ENABLE_NS_ASSERTIONS = NO;
				ENABLE_STRICT_OBJC_MSGSEND = YES;
				GCC_C_LANGUAGE_STANDARD = gnu11;
				GCC_NO_COMMON_BLOCKS = YES;
				GCC_WARN_64_TO_32_BIT_CONVERSION = YES;
				GCC_WARN_ABOUT_RETURN_TYPE = YES_ERROR;
				GCC_WARN_UNDECLARED_SELECTOR = YES;
				GCC_WARN_UNINITIALIZED_AUTOS = YES_AGGRESSIVE;
				GCC_WARN_UNUSED_FUNCTION = YES;
				GCC_WARN_UNUSED_VARIABLE = YES;
				IPHONEOS_DEPLOYMENT_TARGET = 15.2;
				MTL_ENABLE_DEBUG_INFO = NO;
				MTL_FAST_MATH = YES;
				SDKROOT = iphoneos;
				SWIFT_COMPILATION_MODE = wholemodule;
				SWIFT_OPTIMIZATION_LEVEL = "-O";
				VALIDATE_PRODUCT = YES;
			};
			name = Release;
		};
		956D7C9127DEB3F3007DBE4E /* Debug */ = {
			isa = XCBuildConfiguration;
			buildSettings = {
				ASSETCATALOG_COMPILER_APPICON_NAME = AppIcon;
				ASSETCATALOG_COMPILER_GLOBAL_ACCENT_COLOR_NAME = AccentColor;
				CODE_SIGN_STYLE = Automatic;
				CURRENT_PROJECT_VERSION = 1;
				DEVELOPMENT_ASSET_PATHS = "\"Moonshot-100SUI-8/Preview Content\"";
				DEVELOPMENT_TEAM = 8HB4M5YG35;
				ENABLE_PREVIEWS = YES;
				GENERATE_INFOPLIST_FILE = YES;
				INFOPLIST_KEY_UIApplicationSceneManifest_Generation = YES;
				INFOPLIST_KEY_UIApplicationSupportsIndirectInputEvents = YES;
				INFOPLIST_KEY_UILaunchScreen_Generation = YES;
				INFOPLIST_KEY_UISupportedInterfaceOrientations_iPad = "UIInterfaceOrientationPortrait UIInterfaceOrientationPortraitUpsideDown UIInterfaceOrientationLandscapeLeft UIInterfaceOrientationLandscapeRight";
				INFOPLIST_KEY_UISupportedInterfaceOrientations_iPhone = "UIInterfaceOrientationPortrait UIInterfaceOrientationLandscapeLeft UIInterfaceOrientationLandscapeRight";
				LD_RUNPATH_SEARCH_PATHS = (
					"$(inherited)",
					"@executable_path/Frameworks",
				);
				MARKETING_VERSION = 1.0;
				PRODUCT_BUNDLE_IDENTIFIER = "com.duncankent.Moonshot-100SUI-8";
				PRODUCT_NAME = "$(TARGET_NAME)";
				SWIFT_EMIT_LOC_STRINGS = YES;
				SWIFT_VERSION = 5.0;
				TARGETED_DEVICE_FAMILY = "1,2";
			};
			name = Debug;
		};
		956D7C9227DEB3F3007DBE4E /* Release */ = {
			isa = XCBuildConfiguration;
			buildSettings = {
				ASSETCATALOG_COMPILER_APPICON_NAME = AppIcon;
				ASSETCATALOG_COMPILER_GLOBAL_ACCENT_COLOR_NAME = AccentColor;
				CODE_SIGN_STYLE = Automatic;
				CURRENT_PROJECT_VERSION = 1;
				DEVELOPMENT_ASSET_PATHS = "\"Moonshot-100SUI-8/Preview Content\"";
				DEVELOPMENT_TEAM = 8HB4M5YG35;
				ENABLE_PREVIEWS = YES;
				GENERATE_INFOPLIST_FILE = YES;
				INFOPLIST_KEY_UIApplicationSceneManifest_Generation = YES;
				INFOPLIST_KEY_UIApplicationSupportsIndirectInputEvents = YES;
				INFOPLIST_KEY_UILaunchScreen_Generation = YES;
				INFOPLIST_KEY_UISupportedInterfaceOrientations_iPad = "UIInterfaceOrientationPortrait UIInterfaceOrientationPortraitUpsideDown UIInterfaceOrientationLandscapeLeft UIInterfaceOrientationLandscapeRight";
				INFOPLIST_KEY_UISupportedInterfaceOrientations_iPhone = "UIInterfaceOrientationPortrait UIInterfaceOrientationLandscapeLeft UIInterfaceOrientationLandscapeRight";
				LD_RUNPATH_SEARCH_PATHS = (
					"$(inherited)",
					"@executable_path/Frameworks",
				);
				MARKETING_VERSION = 1.0;
				PRODUCT_BUNDLE_IDENTIFIER = "com.duncankent.Moonshot-100SUI-8";
				PRODUCT_NAME = "$(TARGET_NAME)";
				SWIFT_EMIT_LOC_STRINGS = YES;
				SWIFT_VERSION = 5.0;
				TARGETED_DEVICE_FAMILY = "1,2";
			};
			name = Release;
		};
/* End XCBuildConfiguration section */

/* Begin XCConfigurationList section */
		956D7C7D27DEB3F1007DBE4E /* Build configuration list for PBXProject "Moonshot-100SUI-8" */ = {
			isa = XCConfigurationList;
			buildConfigurations = (
				956D7C8E27DEB3F3007DBE4E /* Debug */,
				956D7C8F27DEB3F3007DBE4E /* Release */,
			);
			defaultConfigurationIsVisible = 0;
			defaultConfigurationName = Release;
		};
		956D7C9027DEB3F3007DBE4E /* Build configuration list for PBXNativeTarget "Moonshot-100SUI-8" */ = {
			isa = XCConfigurationList;
			buildConfigurations = (
				956D7C9127DEB3F3007DBE4E /* Debug */,
				956D7C9227DEB3F3007DBE4E /* Release */,
			);
			defaultConfigurationIsVisible = 0;
			defaultConfigurationName = Release;
		};
/* End XCConfigurationList section */
	};
	rootObject = 956D7C7A27DEB3F1007DBE4E /* Project object */;
}
